// !$*UTF8*$!
{
	archiveVersion = 1;
	classes = {
	};
	objectVersion = 46;
	objects = {

/* Begin PBXBuildFile section */
		6E1F03B91D8BC83D000AFE8B /* GroupInfoTableViewController.swift in Sources */ = {isa = PBXBuildFile; fileRef = 6E1F03B81D8BC83D000AFE8B /* GroupInfoTableViewController.swift */; };
		6E1F03BB1D8BC9AB000AFE8B /* AddMemberViewController.swift in Sources */ = {isa = PBXBuildFile; fileRef = 6E1F03BA1D8BC9AB000AFE8B /* AddMemberViewController.swift */; };
		6E888B8D1D8BA0B700CBD6B9 /* AppDelegate.swift in Sources */ = {isa = PBXBuildFile; fileRef = 6E888B8C1D8BA0B700CBD6B9 /* AppDelegate.swift */; };
		6E888B8F1D8BA0B700CBD6B9 /* GroupsViewController.swift in Sources */ = {isa = PBXBuildFile; fileRef = 6E888B8E1D8BA0B700CBD6B9 /* GroupsViewController.swift */; };
		6E888B911D8BA0B700CBD6B9 /* SettingsViewController.swift in Sources */ = {isa = PBXBuildFile; fileRef = 6E888B901D8BA0B700CBD6B9 /* SettingsViewController.swift */; };
		6E888B941D8BA0B700CBD6B9 /* Main.storyboard in Resources */ = {isa = PBXBuildFile; fileRef = 6E888B921D8BA0B700CBD6B9 /* Main.storyboard */; };
		6E888B961D8BA0B700CBD6B9 /* Assets.xcassets in Resources */ = {isa = PBXBuildFile; fileRef = 6E888B951D8BA0B700CBD6B9 /* Assets.xcassets */; };
		6E888B991D8BA0B700CBD6B9 /* LaunchScreen.storyboard in Resources */ = {isa = PBXBuildFile; fileRef = 6E888B971D8BA0B700CBD6B9 /* LaunchScreen.storyboard */; };
		6E888BA11D8BA33800CBD6B9 /* ChatViewController.swift in Sources */ = {isa = PBXBuildFile; fileRef = 6E888BA01D8BA33800CBD6B9 /* ChatViewController.swift */; };
/* End PBXBuildFile section */

/* Begin PBXFileReference section */
		6E1F03B81D8BC83D000AFE8B /* GroupInfoTableViewController.swift */ = {isa = PBXFileReference; fileEncoding = 4; lastKnownFileType = sourcecode.swift; path = GroupInfoTableViewController.swift; sourceTree = "<group>"; };
		6E1F03BA1D8BC9AB000AFE8B /* AddMemberViewController.swift */ = {isa = PBXFileReference; fileEncoding = 4; lastKnownFileType = sourcecode.swift; path = AddMemberViewController.swift; sourceTree = "<group>"; };
		6E888B891D8BA0B700CBD6B9 /* Circle.app */ = {isa = PBXFileReference; explicitFileType = wrapper.application; includeInIndex = 0; path = Circle.app; sourceTree = BUILT_PRODUCTS_DIR; };
		6E888B8C1D8BA0B700CBD6B9 /* AppDelegate.swift */ = {isa = PBXFileReference; lastKnownFileType = sourcecode.swift; path = AppDelegate.swift; sourceTree = "<group>"; };
		6E888B8E1D8BA0B700CBD6B9 /* GroupsViewController.swift */ = {isa = PBXFileReference; lastKnownFileType = sourcecode.swift; path = GroupsViewController.swift; sourceTree = "<group>"; };
		6E888B901D8BA0B700CBD6B9 /* SettingsViewController.swift */ = {isa = PBXFileReference; lastKnownFileType = sourcecode.swift; path = SettingsViewController.swift; sourceTree = "<group>"; };
		6E888B931D8BA0B700CBD6B9 /* Base */ = {isa = PBXFileReference; lastKnownFileType = file.storyboard; name = Base; path = Base.lproj/Main.storyboard; sourceTree = "<group>"; };
		6E888B951D8BA0B700CBD6B9 /* Assets.xcassets */ = {isa = PBXFileReference; lastKnownFileType = folder.assetcatalog; path = Assets.xcassets; sourceTree = "<group>"; };
		6E888B981D8BA0B700CBD6B9 /* Base */ = {isa = PBXFileReference; lastKnownFileType = file.storyboard; name = Base; path = Base.lproj/LaunchScreen.storyboard; sourceTree = "<group>"; };
		6E888B9A1D8BA0B700CBD6B9 /* Info.plist */ = {isa = PBXFileReference; lastKnownFileType = text.plist.xml; path = Info.plist; sourceTree = "<group>"; };
		6E888BA01D8BA33800CBD6B9 /* ChatViewController.swift */ = {isa = PBXFileReference; fileEncoding = 4; lastKnownFileType = sourcecode.swift; path = ChatViewController.swift; sourceTree = "<group>"; };
/* End PBXFileReference section */

/* Begin PBXFrameworksBuildPhase section */
		6E888B861D8BA0B700CBD6B9 /* Frameworks */ = {
			isa = PBXFrameworksBuildPhase;
			buildActionMask = 2147483647;
			files = (
			);
			runOnlyForDeploymentPostprocessing = 0;
		};
/* End PBXFrameworksBuildPhase section */

/* Begin PBXGroup section */
		6E888B801D8BA0B700CBD6B9 = {
			isa = PBXGroup;
			children = (
				6E888B8B1D8BA0B700CBD6B9 /* Circle */,
				6E888B8A1D8BA0B700CBD6B9 /* Products */,
			);
			sourceTree = "<group>";
		};
		6E888B8A1D8BA0B700CBD6B9 /* Products */ = {
			isa = PBXGroup;
			children = (
				6E888B891D8BA0B700CBD6B9 /* Circle.app */,
			);
			name = Products;
			sourceTree = "<group>";
		};
		6E888B8B1D8BA0B700CBD6B9 /* Circle */ = {
			isa = PBXGroup;
			children = (
				6E888B8C1D8BA0B700CBD6B9 /* AppDelegate.swift */,
				6E888B8E1D8BA0B700CBD6B9 /* GroupsViewController.swift */,
				6E1F03B81D8BC83D000AFE8B /* GroupInfoTableViewController.swift */,
				6E1F03BA1D8BC9AB000AFE8B /* AddMemberViewController.swift */,
				6E888BA01D8BA33800CBD6B9 /* ChatViewController.swift */,
				6E888B901D8BA0B700CBD6B9 /* SettingsViewController.swift */,
				6E888B921D8BA0B700CBD6B9 /* Main.storyboard */,
				6E888B951D8BA0B700CBD6B9 /* Assets.xcassets */,
				6E888B971D8BA0B700CBD6B9 /* LaunchScreen.storyboard */,
				6E888B9A1D8BA0B700CBD6B9 /* Info.plist */,
			);
			path = Circle;
			sourceTree = "<group>";
		};
/* End PBXGroup section */

/* Begin PBXNativeTarget section */
		6E888B881D8BA0B700CBD6B9 /* Circle */ = {
			isa = PBXNativeTarget;
			buildConfigurationList = 6E888B9D1D8BA0B700CBD6B9 /* Build configuration list for PBXNativeTarget "Circle" */;
			buildPhases = (
				6E888B851D8BA0B700CBD6B9 /* Sources */,
				6E888B861D8BA0B700CBD6B9 /* Frameworks */,
				6E888B871D8BA0B700CBD6B9 /* Resources */,
			);
			buildRules = (
			);
			dependencies = (
			);
			name = Circle;
			productName = Circle;
			productReference = 6E888B891D8BA0B700CBD6B9 /* Circle.app */;
			productType = "com.apple.product-type.application";
		};
/* End PBXNativeTarget section */

/* Begin PBXProject section */
		6E888B811D8BA0B700CBD6B9 /* Project object */ = {
			isa = PBXProject;
			attributes = {
				LastSwiftUpdateCheck = 0800;
				LastUpgradeCheck = 0800;
				ORGANIZATIONNAME = "Zulwiyoza Putra";
				TargetAttributes = {
					6E888B881D8BA0B700CBD6B9 = {
						CreatedOnToolsVersion = 8.0;
						DevelopmentTeam = 44VVQHZS45;
						ProvisioningStyle = Automatic;
					};
				};
			};
			buildConfigurationList = 6E888B841D8BA0B700CBD6B9 /* Build configuration list for PBXProject "Circle" */;
			compatibilityVersion = "Xcode 3.2";
			developmentRegion = English;
			hasScannedForEncodings = 0;
			knownRegions = (
				en,
				Base,
			);
			mainGroup = 6E888B801D8BA0B700CBD6B9;
			productRefGroup = 6E888B8A1D8BA0B700CBD6B9 /* Products */;
			projectDirPath = "";
			projectRoot = "";
			targets = (
				6E888B881D8BA0B700CBD6B9 /* Circle */,
			);
		};
/* End PBXProject section */

/* Begin PBXResourcesBuildPhase section */
		6E888B871D8BA0B700CBD6B9 /* Resources */ = {
			isa = PBXResourcesBuildPhase;
			buildActionMask = 2147483647;
			files = (
				6E888B991D8BA0B700CBD6B9 /* LaunchScreen.storyboard in Resources */,
				6E888B961D8BA0B700CBD6B9 /* Assets.xcassets in Resources */,
				6E888B941D8BA0B700CBD6B9 /* Main.storyboard in Resources */,
			);
			runOnlyForDeploymentPostprocessing = 0;
		};
/* End PBXResourcesBuildPhase section */

/* Begin PBXSourcesBuildPhase section */
		6E888B851D8BA0B700CBD6B9 /* Sources */ = {
			isa = PBXSourcesBuildPhase;
			buildActionMask = 2147483647;
			files = (
				6E888B911D8BA0B700CBD6B9 /* SettingsViewController.swift in Sources */,
				6E1F03B91D8BC83D000AFE8B /* GroupInfoTableViewController.swift in Sources */,
				6E1F03BB1D8BC9AB000AFE8B /* AddMemberViewController.swift in Sources */,
				6E888B8D1D8BA0B700CBD6B9 /* AppDelegate.swift in Sources */,
				6E888BA11D8BA33800CBD6B9 /* ChatViewController.swift in Sources */,
				6E888B8F1D8BA0B700CBD6B9 /* GroupsViewController.swift in Sources */,
			);
			runOnlyForDeploymentPostprocessing = 0;
		};
/* End PBXSourcesBuildPhase section */

/* Begin PBXVariantGroup section */
		6E888B921D8BA0B700CBD6B9 /* Main.storyboard */ = {
			isa = PBXVariantGroup;
			children = (
				6E888B931D8BA0B700CBD6B9 /* Base */,
			);
			name = Main.storyboard;
			sourceTree = "<group>";
		};
		6E888B971D8BA0B700CBD6B9 /* LaunchScreen.storyboard */ = {
			isa = PBXVariantGroup;
			children = (
				6E888B981D8BA0B700CBD6B9 /* Base */,
			);
			name = LaunchScreen.storyboard;
			sourceTree = "<group>";
		};
/* End PBXVariantGroup section */

/* Begin XCBuildConfiguration section */
		6E888B9B1D8BA0B700CBD6B9 /* Debug */ = {
			isa = XCBuildConfiguration;
			buildSettings = {
				ALWAYS_SEARCH_USER_PATHS = NO;
				CLANG_ANALYZER_NONNULL = YES;
				CLANG_CXX_LANGUAGE_STANDARD = "gnu++0x";
				CLANG_CXX_LIBRARY = "libc++";
				CLANG_ENABLE_MODULES = YES;
				CLANG_ENABLE_OBJC_ARC = YES;
				CLANG_WARN_BOOL_CONVERSION = YES;
				CLANG_WARN_CONSTANT_CONVERSION = YES;
				CLANG_WARN_DIRECT_OBJC_ISA_USAGE = YES_ERROR;
				CLANG_WARN_DOCUMENTATION_COMMENTS = YES;
				CLANG_WARN_EMPTY_BODY = YES;
				CLANG_WARN_ENUM_CONVERSION = YES;
				CLANG_WARN_INFINITE_RECURSION = YES;
				CLANG_WARN_INT_CONVERSION = YES;
				CLANG_WARN_OBJC_ROOT_CLASS = YES_ERROR;
				CLANG_WARN_SUSPICIOUS_MOVES = YES;
				CLANG_WARN_UNREACHABLE_CODE = YES;
				CLANG_WARN__DUPLICATE_METHOD_MATCH = YES;
				"CODE_SIGN_IDENTITY[sdk=iphoneos*]" = "iPhone Developer";
				COPY_PHASE_STRIP = NO;
				DEBUG_INFORMATION_FORMAT = dwarf;
				ENABLE_STRICT_OBJC_MSGSEND = YES;
				ENABLE_TESTABILITY = YES;
				GCC_C_LANGUAGE_STANDARD = gnu99;
				GCC_DYNAMIC_NO_PIC = NO;
				GCC_NO_COMMON_BLOCKS = YES;
				GCC_OPTIMIZATION_LEVEL = 0;
				GCC_PREPROCESSOR_DEFINITIONS = (
					"DEBUG=1",
					"$(inherited)",
				);
				GCC_WARN_64_TO_32_BIT_CONVERSION = YES;
				GCC_WARN_ABOUT_RETURN_TYPE = YES_ERROR;
				GCC_WARN_UNDECLARED_SELECTOR = YES;
				GCC_WARN_UNINITIALIZED_AUTOS = YES_AGGRESSIVE;
				GCC_WARN_UNUSED_FUNCTION = YES;
				GCC_WARN_UNUSED_VARIABLE = YES;
				IPHONEOS_DEPLOYMENT_TARGET = 10.0;
				MTL_ENABLE_DEBUG_INFO = YES;
				ONLY_ACTIVE_ARCH = YES;
				SDKROOT = iphoneos;
				SWIFT_ACTIVE_COMPILATION_CONDITIONS = DEBUG;
				SWIFT_OPTIMIZATION_LEVEL = "-Onone";
				TARGETED_DEVICE_FAMILY = "1,2";
			};
			name = Debug;
		};
		6E888B9C1D8BA0B700CBD6B9 /* Release */ = {
			isa = XCBuildConfiguration;
			buildSettings = {
				ALWAYS_SEARCH_USER_PATHS = NO;
				CLANG_ANALYZER_NONNULL = YES;
				CLANG_CXX_LANGUAGE_STANDARD = "gnu++0x";
				CLANG_CXX_LIBRARY = "libc++";
				CLANG_ENABLE_MODULES = YES;
				CLANG_ENABLE_OBJC_ARC = YES;
				CLANG_WARN_BOOL_CONVERSION = YES;
				CLANG_WARN_CONSTANT_CONVERSION = YES;
				CLANG_WARN_DIRECT_OBJC_ISA_USAGE = YES_ERROR;
				CLANG_WARN_DOCUMENTATION_COMMENTS = YES;
				CLANG_WARN_EMPTY_BODY = YES;
				CLANG_WARN_ENUM_CONVERSION = YES;
				CLANG_WARN_INFINITE_RECURSION = YES;
				CLANG_WARN_INT_CONVERSION = YES;
				CLANG_WARN_OBJC_ROOT_CLASS = YES_ERROR;
				CLANG_WARN_SUSPICIOUS_MOVES = YES;
				CLANG_WARN_UNREACHABLE_CODE = YES;
				CLANG_WARN__DUPLICATE_METHOD_MATCH = YES;
				"CODE_SIGN_IDENTITY[sdk=iphoneos*]" = "iPhone Developer";
				COPY_PHASE_STRIP = NO;
				DEBUG_INFORMATION_FORMAT = "dwarf-with-dsym";
				ENABLE_NS_ASSERTIONS = NO;
				ENABLE_STRICT_OBJC_MSGSEND = YES;
				GCC_C_LANGUAGE_STANDARD = gnu99;
				GCC_NO_COMMON_BLOCKS = YES;
				GCC_WARN_64_TO_32_BIT_CONVERSION = YES;
				GCC_WARN_ABOUT_RETURN_TYPE = YES_ERROR;
				GCC_WARN_UNDECLARED_SELECTOR = YES;
				GCC_WARN_UNINITIALIZED_AUTOS = YES_AGGRESSIVE;
				GCC_WARN_UNUSED_FUNCTION = YES;
				GCC_WARN_UNUSED_VARIABLE = YES;
				IPHONEOS_DEPLOYMENT_TARGET = 10.0;
				MTL_ENABLE_DEBUG_INFO = NO;
				SDKROOT = iphoneos;
				SWIFT_OPTIMIZATION_LEVEL = "-Owholemodule";
				TARGETED_DEVICE_FAMILY = "1,2";
				VALIDATE_PRODUCT = YES;
			};
			name = Release;
		};
		6E888B9E1D8BA0B700CBD6B9 /* Debug */ = {
			isa = XCBuildConfiguration;
			buildSettings = {
				ASSETCATALOG_COMPILER_APPICON_NAME = AppIcon;
				DEVELOPMENT_TEAM = 44VVQHZS45;
				INFOPLIST_FILE = Circle/Info.plist;
				LD_RUNPATH_SEARCH_PATHS = "$(inherited) @executable_path/Frameworks";
				PRODUCT_BUNDLE_IDENTIFIER = com.zulwiyozaputra.Circle;
				PRODUCT_NAME = "$(TARGET_NAME)";
				SWIFT_VERSION = 3.0;
				TARGETED_DEVICE_FAMILY = 1;
			};
			name = Debug;
		};
		6E888B9F1D8BA0B700CBD6B9 /* Release */ = {
			isa = XCBuildConfiguration;
			buildSettings = {
				ASSETCATALOG_COMPILER_APPICON_NAME = AppIcon;
				DEVELOPMENT_TEAM = 44VVQHZS45;
				INFOPLIST_FILE = Circle/Info.plist;
				LD_RUNPATH_SEARCH_PATHS = "$(inherited) @executable_path/Frameworks";
				PRODUCT_BUNDLE_IDENTIFIER = com.zulwiyozaputra.Circle;
				PRODUCT_NAME = "$(TARGET_NAME)";
				SWIFT_VERSION = 3.0;
				TARGETED_DEVICE_FAMILY = 1;
			};
			name = Release;
		};
/* End XCBuildConfiguration section */

/* Begin XCConfigurationList section */
		6E888B841D8BA0B700CBD6B9 /* Build configuration list for PBXProject "Circle" */ = {
			isa = XCConfigurationList;
			buildConfigurations = (
				6E888B9B1D8BA0B700CBD6B9 /* Debug */,
				6E888B9C1D8BA0B700CBD6B9 /* Release */,
			);
			defaultConfigurationIsVisible = 0;
			defaultConfigurationName = Release;
		};
		6E888B9D1D8BA0B700CBD6B9 /* Build configuration list for PBXNativeTarget "Circle" */ = {
			isa = XCConfigurationList;
			buildConfigurations = (
				6E888B9E1D8BA0B700CBD6B9 /* Debug */,
				6E888B9F1D8BA0B700CBD6B9 /* Release */,
			);
			defaultConfigurationIsVisible = 0;
			defaultConfigurationName = Release;
		};
/* End XCConfigurationList section */
	};
	rootObject = 6E888B811D8BA0B700CBD6B9 /* Project object */;
}
